
Microsoft Visual Studio Solution File, Format Version 12.00
# Visual Studio Version 17
VisualStudioVersion = 17.13.35913.81 d17.13
MinimumVisualStudioVersion = 10.0.40219.1
Project("{FAE04EC0-301F-11D3-BF4B-00C04F79EFBC}") = "For", "For.csproj", "{2EDE5E80-6018-4D2E-A58B-D8488D3D4689}"
EndProject
Global
	GlobalSection(SolutionConfigurationPlatforms) = preSolution
		Debug|Any CPU = Debug|Any CPU
		Release|Any CPU = Release|Any CPU
	EndGlobalSection
	GlobalSection(ProjectConfigurationPlatforms) = postSolution
		{2EDE5E80-6018-4D2E-A58B-D8488D3D4689}.Debug|Any CPU.ActiveCfg = Debug|Any CPU
		{2EDE5E80-6018-4D2E-A58B-D8488D3D4689}.Debug|Any CPU.Build.0 = Debug|Any CPU
		{2EDE5E80-6018-4D2E-A58B-D8488D3D4689}.Release|Any CPU.ActiveCfg = Release|Any CPU
		{2EDE5E80-6018-4D2E-A58B-D8488D3D4689}.Release|Any CPU.Build.0 = Release|Any CPU
	EndGlobalSection
	GlobalSection(SolutionProperties) = preSolution
		HideSolutionNode = FALSE
	EndGlobalSection
	GlobalSection(ExtensibilityGlobals) = postSolution
		SolutionGuid = {A64F3E47-D899-4523-929B-28F7447D0E0F}
	EndGlobalSection
EndGlobal
